
Microsoft Visual Studio Solution File, Format Version 12.00
# Visual Studio Version 16
VisualStudioVersion = 25.0.1703.4
MinimumVisualStudioVersion = 10.0.40219.1
Project("{FAE04EC0-301F-11D3-BF4B-00C04F79EFBC}") = "TestApi", "TestApi\TestApi.csproj", "{11DDE124-EB57-47B0-8F02-774F5353743C}"
EndProject
Global
	GlobalSection(SolutionConfigurationPlatforms) = preSolution
		Debug|Any CPU = Debug|Any CPU
		Release|Any CPU = Release|Any CPU
	EndGlobalSection
	GlobalSection(ProjectConfigurationPlatforms) = postSolution
		{11DDE124-EB57-47B0-8F02-774F5353743C}.Debug|Any CPU.ActiveCfg = Debug|Any CPU
		{11DDE124-EB57-47B0-8F02-774F5353743C}.Debug|Any CPU.Build.0 = Debug|Any CPU
		{11DDE124-EB57-47B0-8F02-774F5353743C}.Release|Any CPU.ActiveCfg = Release|Any CPU
		{11DDE124-EB57-47B0-8F02-774F5353743C}.Release|Any CPU.Build.0 = Release|Any CPU
	EndGlobalSection
	GlobalSection(SolutionProperties) = preSolution
		HideSolutionNode = FALSE
	EndGlobalSection
	GlobalSection(ExtensibilityGlobals) = postSolution
		SolutionGuid = {96CAD5C4-8114-4F25-9E6F-87A7A1796DD3}
	EndGlobalSection
EndGlobal
